
Microsoft Visual Studio Solution File, Format Version 12.00
# Visual Studio Version 17
VisualStudioVersion = 17.13.35825.156 d17.13
MinimumVisualStudioVersion = 10.0.40219.1
Project("{FAE04EC0-301F-11D3-BF4B-00C04F79EFBC}") = "TatilSitesiYonetimi", "TatilSitesiYonetimi\TatilSitesiYonetimi.csproj", "{5EFC1A7B-861F-42A2-9D26-7C170A0C4C38}"
EndProject
Global
	GlobalSection(SolutionConfigurationPlatforms) = preSolution
		Debug|Any CPU = Debug|Any CPU
		Release|Any CPU = Release|Any CPU
	EndGlobalSection
	GlobalSection(ProjectConfigurationPlatforms) = postSolution
		{5EFC1A7B-861F-42A2-9D26-7C170A0C4C38}.Debug|Any CPU.ActiveCfg = Debug|Any CPU
		{5EFC1A7B-861F-42A2-9D26-7C170A0C4C38}.Debug|Any CPU.Build.0 = Debug|Any CPU
		{5EFC1A7B-861F-42A2-9D26-7C170A0C4C38}.Release|Any CPU.ActiveCfg = Release|Any CPU
		{5EFC1A7B-861F-42A2-9D26-7C170A0C4C38}.Release|Any CPU.Build.0 = Release|Any CPU
	EndGlobalSection
	GlobalSection(SolutionProperties) = preSolution
		HideSolutionNode = FALSE
	EndGlobalSection
	GlobalSection(ExtensibilityGlobals) = postSolution
		SolutionGuid = {EBABDB6E-C383-41CD-AA38-B6567B824AD9}
	EndGlobalSection
EndGlobal
